{
  "version": 1,
  "dependencies": {
    "net8.0": {
      "Microsoft.AspNetCore.OpenApi": {
        "type": "Direct",
        "requested": "[8.0.20, )",
        "resolved": "8.0.20",
        "contentHash": "IjWB1Q/Ar8fyfE3cKjybSlpAE++miAkDGbSup0WeFOtZn2vK+myK7RWDJlFdWICLLU50CmmLad91toIJNTrymQ==",
        "dependencies": {
          "Microsoft.OpenApi": "1.4.3"
        }
      },
      "SSH.NET": {
        "type": "Direct",
        "requested": "[2025.0.0, )",
        "resolved": "2025.0.0",
        "contentHash": "AKYbB+q2zFkNQbBFx5gXdv+Wje0baBtADQ35WnMKi4bg1ka74wTQtWoPd+fOWcydohdfsD0nfT8ErMOAPxtSfA==",
        "dependencies": {
          "BouncyCastle.Cryptography": "2.5.1",
          "Microsoft.Extensions.Logging.Abstractions": "8.0.3"
        }
      },
      "Swashbuckle.AspNetCore.Swagger": {
        "type": "Direct",
        "requested": "[9.0.4, )",
        "resolved": "9.0.4",
        "contentHash": "syU8U4Eg3DfhU+BBeDUh66erwDsYOhp82InXbrOsqWP3qoOfQbBtePcTetkLNanovYHYX40alZBE6gQQFtBZkQ==",
        "dependencies": {
          "Microsoft.OpenApi": "1.6.25"
        }
      },
      "Swashbuckle.AspNetCore.SwaggerGen": {
        "type": "Direct",
        "requested": "[9.0.4, )",
        "resolved": "9.0.4",
        "contentHash": "GnCikaq7kagEckGGsrVnKl2icRQebyr14/7s3T/rQQO7edOIXkxtjTOJZqbazOxaTXBDCDdSInMiYbMQhFnE5Q==",
        "dependencies": {
          "Swashbuckle.AspNetCore.Swagger": "9.0.4"
        }
      },
      "Swashbuckle.AspNetCore.SwaggerUI": {
        "type": "Direct",
        "requested": "[9.0.4, )",
        "resolved": "9.0.4",
        "contentHash": "2ugT2OvZsKHqk/2rMDmuqDuFmtix0NvzlXxAfnfHROVMTovbx7Z0UsOQHZa462DBTgdBFnR2Ss6wm4fypfymdA=="
      },
      "BouncyCastle.Cryptography": {
        "type": "Transitive",
        "resolved": "2.5.1",
        "contentHash": "zy8TMeTP+1FH2NrLaNZtdRbBdq7u5MI+NFZQOBSM69u5RFkciinwzV2eveY6Kjf5MzgsYvvl6kTStsj3JrXqkg=="
      },
      "Microsoft.Extensions.DependencyInjection.Abstractions": {
        "type": "Transitive",
        "resolved": "8.0.2",
        "contentHash": "3iE7UF7MQkCv1cxzCahz+Y/guQbTqieyxyaWKhrRO91itI9cOKO76OHeQDahqG4MmW5umr3CcCvGmK92lWNlbg=="
      },
      "Microsoft.Extensions.Logging.Abstractions": {
        "type": "Transitive",
        "resolved": "8.0.3",
        "contentHash": "dL0QGToTxggRLMYY4ZYX5AMwBb+byQBd/5dMiZE07Nv73o6I5Are3C7eQTh7K2+A4ct0PVISSr7TZANbiNb2yQ==",
        "dependencies": {
          "Microsoft.Extensions.DependencyInjection.Abstractions": "8.0.2"
        }
      },
      "Microsoft.OpenApi": {
        "type": "Transitive",
        "resolved": "1.6.25",
        "contentHash": "ZahSqNGtNV7N0JBYS/IYXPkLVexL/AZFxo6pqxv6A7Uli7Q7zfitNjkaqIcsV73Ukzxi4IlJdyDgcQiMXiH8cw=="
      }
    }
  }
}